
Microsoft Visual Studio Solution File, Format Version 12.00
# Visual Studio Version 17
VisualStudioVersion = 17.9.34723.18
MinimumVisualStudioVersion = 10.0.40219.1
Project("{9A19103F-16F7-4668-BE54-9A1E7A4F7556}") = "ShoppingAppAPI", "ShoppingAppAPI\ShoppingAppAPI.csproj", "{FF72558D-56B9-4F33-B425-6E8D607D8149}"
EndProject
Project("{FAE04EC0-301F-11D3-BF4B-00C04F79EFBC}") = "ShoppingAppTest", "ShoppingAppTest\ShoppingAppTest.csproj", "{551C2E2F-7685-4E77-9E52-72C39EB2FF4D}"
EndProject
Global
	GlobalSection(SolutionConfigurationPlatforms) = preSolution
		Debug|Any CPU = Debug|Any CPU
		Release|Any CPU = Release|Any CPU
	EndGlobalSection
	GlobalSection(ProjectConfigurationPlatforms) = postSolution
		{FF72558D-56B9-4F33-B425-6E8D607D8149}.Debug|Any CPU.ActiveCfg = Debug|Any CPU
		{FF72558D-56B9-4F33-B425-6E8D607D8149}.Debug|Any CPU.Build.0 = Debug|Any CPU
		{FF72558D-56B9-4F33-B425-6E8D607D8149}.Release|Any CPU.ActiveCfg = Release|Any CPU
		{FF72558D-56B9-4F33-B425-6E8D607D8149}.Release|Any CPU.Build.0 = Release|Any CPU
		{551C2E2F-7685-4E77-9E52-72C39EB2FF4D}.Debug|Any CPU.ActiveCfg = Debug|Any CPU
		{551C2E2F-7685-4E77-9E52-72C39EB2FF4D}.Debug|Any CPU.Build.0 = Debug|Any CPU
		{551C2E2F-7685-4E77-9E52-72C39EB2FF4D}.Release|Any CPU.ActiveCfg = Release|Any CPU
		{551C2E2F-7685-4E77-9E52-72C39EB2FF4D}.Release|Any CPU.Build.0 = Release|Any CPU
	EndGlobalSection
	GlobalSection(SolutionProperties) = preSolution
		HideSolutionNode = FALSE
	EndGlobalSection
	GlobalSection(ExtensibilityGlobals) = postSolution
		SolutionGuid = {3F9BD443-3E95-4A50-9EA5-814509DE560D}
	EndGlobalSection
EndGlobal
